
Microsoft Visual Studio Solution File, Format Version 12.00
# Visual Studio Version 17
VisualStudioVersion = 17.9.34902.65
MinimumVisualStudioVersion = 10.0.40219.1
Project("{9A19103F-16F7-4668-BE54-9A1E7A4F7556}") = "Practice.Recursion", "Practice.Recursion\Practice.Recursion.csproj", "{DFA382AE-4937-4B56-9E13-30EE8A146862}"
EndProject
Project("{FAE04EC0-301F-11D3-BF4B-00C04F79EFBC}") = "Practice.Recursion.Tests", "Practice.Recursion.Tests\Practice.Recursion.Tests.csproj", "{CD812426-916C-4D8D-A20F-12051D15D5F4}"
EndProject
Global
	GlobalSection(SolutionConfigurationPlatforms) = preSolution
		Debug|Any CPU = Debug|Any CPU
		Release|Any CPU = Release|Any CPU
	EndGlobalSection
	GlobalSection(ProjectConfigurationPlatforms) = postSolution
		{DFA382AE-4937-4B56-9E13-30EE8A146862}.Debug|Any CPU.ActiveCfg = Debug|Any CPU
		{DFA382AE-4937-4B56-9E13-30EE8A146862}.Debug|Any CPU.Build.0 = Debug|Any CPU
		{DFA382AE-4937-4B56-9E13-30EE8A146862}.Release|Any CPU.ActiveCfg = Release|Any CPU
		{DFA382AE-4937-4B56-9E13-30EE8A146862}.Release|Any CPU.Build.0 = Release|Any CPU
		{CD812426-916C-4D8D-A20F-12051D15D5F4}.Debug|Any CPU.ActiveCfg = Debug|Any CPU
		{CD812426-916C-4D8D-A20F-12051D15D5F4}.Debug|Any CPU.Build.0 = Debug|Any CPU
		{CD812426-916C-4D8D-A20F-12051D15D5F4}.Release|Any CPU.ActiveCfg = Release|Any CPU
		{CD812426-916C-4D8D-A20F-12051D15D5F4}.Release|Any CPU.Build.0 = Release|Any CPU
	EndGlobalSection
	GlobalSection(SolutionProperties) = preSolution
		HideSolutionNode = FALSE
	EndGlobalSection
	GlobalSection(ExtensibilityGlobals) = postSolution
		SolutionGuid = {C7F4A563-ED94-4613-B122-7A140DD78268}
	EndGlobalSection
EndGlobal
