
Microsoft Visual Studio Solution File, Format Version 12.00
# Visual Studio Version 17
VisualStudioVersion = 17.13.35931.197
MinimumVisualStudioVersion = 10.0.40219.1
Project("{FAE04EC0-301F-11D3-BF4B-00C04F79EFBC}") = "CarPark.Web", "CarPark\CarPark.Web.csproj", "{F5974058-A5FB-4356-B743-CAC081F67389}"
EndProject
Project("{2150E333-8FDC-42A3-9474-1A3956D46DE8}") = "Solution Items", "Solution Items", "{36D591C7-65C7-A0D1-1CBC-10CDE441BDC8}"
	ProjectSection(SolutionItems) = preProject
		.dockerignore = .dockerignore
		.editorconfig = .editorconfig
		Dockerfile = Dockerfile
	EndProjectSection
EndProject
Project("{FAE04EC0-301F-11D3-BF4B-00C04F79EFBC}") = "CarPark.Web.Tests", "CarPark.Web.Tests\CarPark.Web.Tests.csproj", "{9E524022-6469-3B37-28A6-DCD922D6F418}"
EndProject
Project("{FAE04EC0-301F-11D3-BF4B-00C04F79EFBC}") = "CarPark.DataGenerator", "CarPark.DataGenerator\CarPark.DataGenerator.csproj", "{821D6F71-5867-4A6B-9A97-3B8D82FA86C6}"
EndProject
Project("{FAE04EC0-301F-11D3-BF4B-00C04F79EFBC}") = "CarPark.TimeZoneResxGenerator", "CarPark.TimeZoneResxGenerator\CarPark.TimeZoneResxGenerator.csproj", "{BFFED4A8-2F2F-464C-A5C8-4B5CF28C12FA}"
EndProject
Project("{FAE04EC0-301F-11D3-BF4B-00C04F79EFBC}") = "CarPark.TrackGenerator", "CarPark.TrackGenerator\CarPark.TrackGenerator.csproj", "{45238997-BC4E-448F-AEFA-FAB4FE939018}"
EndProject
Project("{FAE04EC0-301F-11D3-BF4B-00C04F79EFBC}") = "CarPark.Domain", "CarPark.Domain\CarPark.Domain.csproj", "{60A4EB0B-DB1E-49BB-8B72-4C37440E17F9}"
EndProject
Project("{FAE04EC0-301F-11D3-BF4B-00C04F79EFBC}") = "CarPark.Shared", "CarPark.Shared\CarPark.Shared.csproj", "{118F300D-7DA8-409D-9A53-DABCE886C50C}"
EndProject
Project("{FAE04EC0-301F-11D3-BF4B-00C04F79EFBC}") = "CarPark.Application", "CarPark.Application\CarPark.Application.csproj", "{8EEEF57F-3CA5-4856-B0A9-9EE2DC8D5814}"
EndProject
Project("{FAE04EC0-301F-11D3-BF4B-00C04F79EFBC}") = "CarPark.Infrastructure", "CarPark.Infrastructure\CarPark.Infrastructure.csproj", "{33166592-387E-4CE3-9304-C5F15DA9DD7C}"
EndProject
Project("{FAE04EC0-301F-11D3-BF4B-00C04F79EFBC}") = "CarPark.DbMigrator", "CarPark.DbMigrator\CarPark.DbMigrator.csproj", "{FD91CE16-D57A-4861-9CD9-AD984F23C6F4}"
EndProject
Project("{FAE04EC0-301F-11D3-BF4B-00C04F79EFBC}") = "CarPark.Initializer", "CarPark.Initializer\CarPark.Initializer.csproj", "{F913401E-CD14-481D-AE4A-B97F21150D09}"
EndProject
Project("{2150E333-8FDC-42A3-9474-1A3956D46DE8}") = "Application", "Application", "{5E2655A0-169E-477E-8E66-CB3DD3240ADE}"
EndProject
Project("{2150E333-8FDC-42A3-9474-1A3956D46DE8}") = "Infrastracture", "Infrastracture", "{F0298D73-FD38-4141-9F83-D3E7D463676E}"
EndProject
Project("{2150E333-8FDC-42A3-9474-1A3956D46DE8}") = "Domain", "Domain", "{845F6729-E990-47BA-B9A5-929EA031E94E}"
EndProject
Project("{2150E333-8FDC-42A3-9474-1A3956D46DE8}") = "Web", "Web", "{A8683936-1326-4EAF-A1FA-34986E0FBBAA}"
EndProject
Project("{2150E333-8FDC-42A3-9474-1A3956D46DE8}") = "DataGeneration", "DataGeneration", "{DF5978D8-8E5E-4D3B-AF64-87947AB13344}"
EndProject
Project("{2150E333-8FDC-42A3-9474-1A3956D46DE8}") = "Other", "Other", "{65930F5C-708F-4656-8268-4DE4F4302D46}"
EndProject
Project("{2150E333-8FDC-42A3-9474-1A3956D46DE8}") = "tests", "tests", "{8F6F6504-EAEA-4DD9-BD8E-C83FD16B97FC}"
EndProject
Project("{2150E333-8FDC-42A3-9474-1A3956D46DE8}") = "src", "src", "{16E35CD8-FDC3-4B55-A37E-49C44B1BD8BA}"
EndProject
Project("{FAE04EC0-301F-11D3-BF4B-00C04F79EFBC}") = "CarPark.Infrastructure.TimeZones", "CarPark.Infrastructure.TimeZones\CarPark.Infrastructure.TimeZones.csproj", "{28A7A499-AC0D-40CA-9A6F-DAC94A3922CE}"
EndProject
Project("{FAE04EC0-301F-11D3-BF4B-00C04F79EFBC}") = "CarPark.Infrastructure.Geo", "CarPark.Infrastructure.Geo\CarPark.Infrastructure.Geo.csproj", "{F10C77A8-E349-4FA8-BBFE-DCED871DABD2}"
EndProject
Project("{FAE04EC0-301F-11D3-BF4B-00C04F79EFBC}") = "CarPark.Domain.TimeZones", "CarPark.Domain.TimeZones\CarPark.Domain.TimeZones.csproj", "{314802FE-1179-4B68-9807-83872D5F7182}"
EndProject
Project("{2150E333-8FDC-42A3-9474-1A3956D46DE8}") = "modules", "modules", "{92F18771-75CE-44E1-960F-7B6C925534C3}"
EndProject
Project("{FAE04EC0-301F-11D3-BF4B-00C04F79EFBC}") = "CarPark.Domain.Shared", "CarPark.Domain.Shared\CarPark.Domain.Shared.csproj", "{771FD168-0EFE-46FB-8FA2-7BA47AA935D0}"
EndProject
Project("{FAE04EC0-301F-11D3-BF4B-00C04F79EFBC}") = "CarPark.Application.Shared", "CarPark.Application.Shared\CarPark.Application.Shared.csproj", "{461115FD-090A-4C63-B53A-C1E3EBFD2092}"
EndProject
Global
	GlobalSection(SolutionConfigurationPlatforms) = preSolution
		Debug|Any CPU = Debug|Any CPU
		Release|Any CPU = Release|Any CPU
	EndGlobalSection
	GlobalSection(ProjectConfigurationPlatforms) = postSolution
		{F5974058-A5FB-4356-B743-CAC081F67389}.Debug|Any CPU.ActiveCfg = Debug|Any CPU
		{F5974058-A5FB-4356-B743-CAC081F67389}.Debug|Any CPU.Build.0 = Debug|Any CPU
		{F5974058-A5FB-4356-B743-CAC081F67389}.Release|Any CPU.ActiveCfg = Release|Any CPU
		{F5974058-A5FB-4356-B743-CAC081F67389}.Release|Any CPU.Build.0 = Release|Any CPU
		{9E524022-6469-3B37-28A6-DCD922D6F418}.Debug|Any CPU.ActiveCfg = Debug|Any CPU
		{9E524022-6469-3B37-28A6-DCD922D6F418}.Debug|Any CPU.Build.0 = Debug|Any CPU
		{9E524022-6469-3B37-28A6-DCD922D6F418}.Release|Any CPU.ActiveCfg = Release|Any CPU
		{9E524022-6469-3B37-28A6-DCD922D6F418}.Release|Any CPU.Build.0 = Release|Any CPU
		{821D6F71-5867-4A6B-9A97-3B8D82FA86C6}.Debug|Any CPU.ActiveCfg = Debug|Any CPU
		{821D6F71-5867-4A6B-9A97-3B8D82FA86C6}.Debug|Any CPU.Build.0 = Debug|Any CPU
		{821D6F71-5867-4A6B-9A97-3B8D82FA86C6}.Release|Any CPU.ActiveCfg = Release|Any CPU
		{821D6F71-5867-4A6B-9A97-3B8D82FA86C6}.Release|Any CPU.Build.0 = Release|Any CPU
		{BFFED4A8-2F2F-464C-A5C8-4B5CF28C12FA}.Debug|Any CPU.ActiveCfg = Debug|Any CPU
		{BFFED4A8-2F2F-464C-A5C8-4B5CF28C12FA}.Debug|Any CPU.Build.0 = Debug|Any CPU
		{BFFED4A8-2F2F-464C-A5C8-4B5CF28C12FA}.Release|Any CPU.ActiveCfg = Release|Any CPU
		{BFFED4A8-2F2F-464C-A5C8-4B5CF28C12FA}.Release|Any CPU.Build.0 = Release|Any CPU
		{45238997-BC4E-448F-AEFA-FAB4FE939018}.Debug|Any CPU.ActiveCfg = Debug|Any CPU
		{45238997-BC4E-448F-AEFA-FAB4FE939018}.Debug|Any CPU.Build.0 = Debug|Any CPU
		{45238997-BC4E-448F-AEFA-FAB4FE939018}.Release|Any CPU.ActiveCfg = Release|Any CPU
		{45238997-BC4E-448F-AEFA-FAB4FE939018}.Release|Any CPU.Build.0 = Release|Any CPU
		{60A4EB0B-DB1E-49BB-8B72-4C37440E17F9}.Debug|Any CPU.ActiveCfg = Debug|Any CPU
		{60A4EB0B-DB1E-49BB-8B72-4C37440E17F9}.Debug|Any CPU.Build.0 = Debug|Any CPU
		{60A4EB0B-DB1E-49BB-8B72-4C37440E17F9}.Release|Any CPU.ActiveCfg = Release|Any CPU
		{60A4EB0B-DB1E-49BB-8B72-4C37440E17F9}.Release|Any CPU.Build.0 = Release|Any CPU
		{118F300D-7DA8-409D-9A53-DABCE886C50C}.Debug|Any CPU.ActiveCfg = Debug|Any CPU
		{118F300D-7DA8-409D-9A53-DABCE886C50C}.Debug|Any CPU.Build.0 = Debug|Any CPU
		{118F300D-7DA8-409D-9A53-DABCE886C50C}.Release|Any CPU.ActiveCfg = Release|Any CPU
		{118F300D-7DA8-409D-9A53-DABCE886C50C}.Release|Any CPU.Build.0 = Release|Any CPU
		{8EEEF57F-3CA5-4856-B0A9-9EE2DC8D5814}.Debug|Any CPU.ActiveCfg = Debug|Any CPU
		{8EEEF57F-3CA5-4856-B0A9-9EE2DC8D5814}.Debug|Any CPU.Build.0 = Debug|Any CPU
		{8EEEF57F-3CA5-4856-B0A9-9EE2DC8D5814}.Release|Any CPU.ActiveCfg = Release|Any CPU
		{8EEEF57F-3CA5-4856-B0A9-9EE2DC8D5814}.Release|Any CPU.Build.0 = Release|Any CPU
		{33166592-387E-4CE3-9304-C5F15DA9DD7C}.Debug|Any CPU.ActiveCfg = Debug|Any CPU
		{33166592-387E-4CE3-9304-C5F15DA9DD7C}.Debug|Any CPU.Build.0 = Debug|Any CPU
		{33166592-387E-4CE3-9304-C5F15DA9DD7C}.Release|Any CPU.ActiveCfg = Release|Any CPU
		{33166592-387E-4CE3-9304-C5F15DA9DD7C}.Release|Any CPU.Build.0 = Release|Any CPU
		{FD91CE16-D57A-4861-9CD9-AD984F23C6F4}.Debug|Any CPU.ActiveCfg = Debug|Any CPU
		{FD91CE16-D57A-4861-9CD9-AD984F23C6F4}.Debug|Any CPU.Build.0 = Debug|Any CPU
		{FD91CE16-D57A-4861-9CD9-AD984F23C6F4}.Release|Any CPU.ActiveCfg = Release|Any CPU
		{FD91CE16-D57A-4861-9CD9-AD984F23C6F4}.Release|Any CPU.Build.0 = Release|Any CPU
		{F913401E-CD14-481D-AE4A-B97F21150D09}.Debug|Any CPU.ActiveCfg = Debug|Any CPU
		{F913401E-CD14-481D-AE4A-B97F21150D09}.Debug|Any CPU.Build.0 = Debug|Any CPU
		{F913401E-CD14-481D-AE4A-B97F21150D09}.Release|Any CPU.ActiveCfg = Release|Any CPU
		{F913401E-CD14-481D-AE4A-B97F21150D09}.Release|Any CPU.Build.0 = Release|Any CPU
		{28A7A499-AC0D-40CA-9A6F-DAC94A3922CE}.Debug|Any CPU.ActiveCfg = Debug|Any CPU
		{28A7A499-AC0D-40CA-9A6F-DAC94A3922CE}.Debug|Any CPU.Build.0 = Debug|Any CPU
		{28A7A499-AC0D-40CA-9A6F-DAC94A3922CE}.Release|Any CPU.ActiveCfg = Release|Any CPU
		{28A7A499-AC0D-40CA-9A6F-DAC94A3922CE}.Release|Any CPU.Build.0 = Release|Any CPU
		{F10C77A8-E349-4FA8-BBFE-DCED871DABD2}.Debug|Any CPU.ActiveCfg = Debug|Any CPU
		{F10C77A8-E349-4FA8-BBFE-DCED871DABD2}.Debug|Any CPU.Build.0 = Debug|Any CPU
		{F10C77A8-E349-4FA8-BBFE-DCED871DABD2}.Release|Any CPU.ActiveCfg = Release|Any CPU
		{F10C77A8-E349-4FA8-BBFE-DCED871DABD2}.Release|Any CPU.Build.0 = Release|Any CPU
		{314802FE-1179-4B68-9807-83872D5F7182}.Debug|Any CPU.ActiveCfg = Debug|Any CPU
		{314802FE-1179-4B68-9807-83872D5F7182}.Debug|Any CPU.Build.0 = Debug|Any CPU
		{314802FE-1179-4B68-9807-83872D5F7182}.Release|Any CPU.ActiveCfg = Release|Any CPU
		{314802FE-1179-4B68-9807-83872D5F7182}.Release|Any CPU.Build.0 = Release|Any CPU
		{771FD168-0EFE-46FB-8FA2-7BA47AA935D0}.Debug|Any CPU.ActiveCfg = Debug|Any CPU
		{771FD168-0EFE-46FB-8FA2-7BA47AA935D0}.Debug|Any CPU.Build.0 = Debug|Any CPU
		{771FD168-0EFE-46FB-8FA2-7BA47AA935D0}.Release|Any CPU.ActiveCfg = Release|Any CPU
		{771FD168-0EFE-46FB-8FA2-7BA47AA935D0}.Release|Any CPU.Build.0 = Release|Any CPU
		{461115FD-090A-4C63-B53A-C1E3EBFD2092}.Debug|Any CPU.ActiveCfg = Debug|Any CPU
		{461115FD-090A-4C63-B53A-C1E3EBFD2092}.Debug|Any CPU.Build.0 = Debug|Any CPU
		{461115FD-090A-4C63-B53A-C1E3EBFD2092}.Release|Any CPU.ActiveCfg = Release|Any CPU
		{461115FD-090A-4C63-B53A-C1E3EBFD2092}.Release|Any CPU.Build.0 = Release|Any CPU
	EndGlobalSection
	GlobalSection(SolutionProperties) = preSolution
		HideSolutionNode = FALSE
	EndGlobalSection
	GlobalSection(NestedProjects) = preSolution
		{F5974058-A5FB-4356-B743-CAC081F67389} = {A8683936-1326-4EAF-A1FA-34986E0FBBAA}
		{9E524022-6469-3B37-28A6-DCD922D6F418} = {8F6F6504-EAEA-4DD9-BD8E-C83FD16B97FC}
		{821D6F71-5867-4A6B-9A97-3B8D82FA86C6} = {DF5978D8-8E5E-4D3B-AF64-87947AB13344}
		{BFFED4A8-2F2F-464C-A5C8-4B5CF28C12FA} = {65930F5C-708F-4656-8268-4DE4F4302D46}
		{45238997-BC4E-448F-AEFA-FAB4FE939018} = {DF5978D8-8E5E-4D3B-AF64-87947AB13344}
		{60A4EB0B-DB1E-49BB-8B72-4C37440E17F9} = {845F6729-E990-47BA-B9A5-929EA031E94E}
		{118F300D-7DA8-409D-9A53-DABCE886C50C} = {845F6729-E990-47BA-B9A5-929EA031E94E}
		{8EEEF57F-3CA5-4856-B0A9-9EE2DC8D5814} = {5E2655A0-169E-477E-8E66-CB3DD3240ADE}
		{33166592-387E-4CE3-9304-C5F15DA9DD7C} = {F0298D73-FD38-4141-9F83-D3E7D463676E}
		{FD91CE16-D57A-4861-9CD9-AD984F23C6F4} = {DF5978D8-8E5E-4D3B-AF64-87947AB13344}
		{F913401E-CD14-481D-AE4A-B97F21150D09} = {DF5978D8-8E5E-4D3B-AF64-87947AB13344}
		{5E2655A0-169E-477E-8E66-CB3DD3240ADE} = {16E35CD8-FDC3-4B55-A37E-49C44B1BD8BA}
		{F0298D73-FD38-4141-9F83-D3E7D463676E} = {16E35CD8-FDC3-4B55-A37E-49C44B1BD8BA}
		{845F6729-E990-47BA-B9A5-929EA031E94E} = {16E35CD8-FDC3-4B55-A37E-49C44B1BD8BA}
		{A8683936-1326-4EAF-A1FA-34986E0FBBAA} = {16E35CD8-FDC3-4B55-A37E-49C44B1BD8BA}
		{DF5978D8-8E5E-4D3B-AF64-87947AB13344} = {16E35CD8-FDC3-4B55-A37E-49C44B1BD8BA}
		{65930F5C-708F-4656-8268-4DE4F4302D46} = {16E35CD8-FDC3-4B55-A37E-49C44B1BD8BA}
		{28A7A499-AC0D-40CA-9A6F-DAC94A3922CE} = {F0298D73-FD38-4141-9F83-D3E7D463676E}
		{F10C77A8-E349-4FA8-BBFE-DCED871DABD2} = {F0298D73-FD38-4141-9F83-D3E7D463676E}
		{314802FE-1179-4B68-9807-83872D5F7182} = {845F6729-E990-47BA-B9A5-929EA031E94E}
		{771FD168-0EFE-46FB-8FA2-7BA47AA935D0} = {845F6729-E990-47BA-B9A5-929EA031E94E}
		{461115FD-090A-4C63-B53A-C1E3EBFD2092} = {5E2655A0-169E-477E-8E66-CB3DD3240ADE}
	EndGlobalSection
	GlobalSection(ExtensibilityGlobals) = postSolution
		SolutionGuid = {9C3F3EAE-F755-404F-9244-110BA3F51DDC}
	EndGlobalSection
EndGlobal
