
Microsoft Visual Studio Solution File, Format Version 12.00
# Visual Studio Version 17
VisualStudioVersion = 17.9.34902.65
MinimumVisualStudioVersion = 10.0.40219.1
Project("{FAE04EC0-301F-11D3-BF4B-00C04F79EFBC}") = "Ads.ConsoleTestApp", "Ads.ConsoleTestApp\Ads.ConsoleTestApp.csproj", "{2ED9BDD7-05B9-4CA0-B622-B09ADF709D7D}"
EndProject
Project("{9A19103F-16F7-4668-BE54-9A1E7A4F7556}") = "Ads.Tests", "Ads.Tests\Ads.Tests.csproj", "{93E528B9-2EA0-4080-BAFF-C263F205060F}"
EndProject
Project("{FAE04EC0-301F-11D3-BF4B-00C04F79EFBC}") = "Ads.Exercises", "Ads.Exercises\Ads.Exercises.csproj", "{55569F5E-C754-47CD-860D-DF4CBFD1455B}"
EndProject
Project("{FAE04EC0-301F-11D3-BF4B-00C04F79EFBC}") = "Ads.Exercise2", "Ads.Exercise2\Ads.Exercise2.csproj", "{B987E186-9682-4D81-A0F8-16DE3802099E}"
EndProject
Project("{FAE04EC0-301F-11D3-BF4B-00C04F79EFBC}") = "Ads.Exercise3", "Ads.Exercise3\Ads.Exercise3.csproj", "{1D787942-8883-46DE-8C9E-E26B60F216F4}"
EndProject
Project("{FAE04EC0-301F-11D3-BF4B-00C04F79EFBC}") = "Ads.Exercise4", "Ads.Exercise4\Ads.Exercise4.csproj", "{708004C1-0F0D-417F-89D0-7C925BBDA47F}"
EndProject
Project("{FAE04EC0-301F-11D3-BF4B-00C04F79EFBC}") = "Ads.Exercise5", "Ads.Exercise5\Ads.Exercise5.csproj", "{20734FCE-E061-47B9-95EC-634BF62EB58E}"
EndProject
Project("{FAE04EC0-301F-11D3-BF4B-00C04F79EFBC}") = "Ads.Exercise6", "Ads.Exercise6\Ads.Exercise6.csproj", "{1DC42EB1-9FA3-4520-87A8-22C31B2CB20C}"
EndProject
Project("{FAE04EC0-301F-11D3-BF4B-00C04F79EFBC}") = "Ads.Exercise7", "Ads.Exercise7\Ads.Exercise7.csproj", "{C27B064D-7AA6-4188-B290-7C52DA05E250}"
EndProject
Project("{FAE04EC0-301F-11D3-BF4B-00C04F79EFBC}") = "Ads.Exercise8", "Ads.Exercise8\Ads.Exercise8.csproj", "{6A4291D4-09FE-42C5-9EC3-FFC4FBCA10AB}"
EndProject
Project("{FAE04EC0-301F-11D3-BF4B-00C04F79EFBC}") = "Ads.Exercise9", "Ads.Exercise9\Ads.Exercise9.csproj", "{7E7E3619-47B9-4D98-AC46-B4671ECB4036}"
EndProject
Project("{FAE04EC0-301F-11D3-BF4B-00C04F79EFBC}") = "Ads.Exercise10", "Ads.Exercise10\Ads.Exercise10.csproj", "{B7794887-A6DF-45BF-8AA8-F3918D8CF054}"
EndProject
Project("{FAE04EC0-301F-11D3-BF4B-00C04F79EFBC}") = "Ads.Exercise11", "Ads.Exercise11\Ads.Exercise11.csproj", "{B16AE76E-0ACA-43B1-B5A0-1F1D9CECC411}"
EndProject
Project("{FAE04EC0-301F-11D3-BF4B-00C04F79EFBC}") = "Ads.Exercise12", "Ads.Exercise12\Ads.Exercise12.csproj", "{469CA957-C6D5-414E-9307-786FF6686D03}"
EndProject
Project("{FAE04EC0-301F-11D3-BF4B-00C04F79EFBC}") = "Education.Ads", "Education.Ads\Education.Ads.csproj", "{393D059B-D821-4074-8871-212826D8B4D0}"
EndProject
Project("{FAE04EC0-301F-11D3-BF4B-00C04F79EFBC}") = "Education.Ads.Tests", "Education.Ads.Tests\Education.Ads.Tests.csproj", "{220CAEE1-1250-442D-B9F9-1936EA69CB6D}"
EndProject
Global
	GlobalSection(SolutionConfigurationPlatforms) = preSolution
		Debug|Any CPU = Debug|Any CPU
		Release|Any CPU = Release|Any CPU
	EndGlobalSection
	GlobalSection(ProjectConfigurationPlatforms) = postSolution
		{2ED9BDD7-05B9-4CA0-B622-B09ADF709D7D}.Debug|Any CPU.ActiveCfg = Debug|Any CPU
		{2ED9BDD7-05B9-4CA0-B622-B09ADF709D7D}.Debug|Any CPU.Build.0 = Debug|Any CPU
		{2ED9BDD7-05B9-4CA0-B622-B09ADF709D7D}.Release|Any CPU.ActiveCfg = Release|Any CPU
		{2ED9BDD7-05B9-4CA0-B622-B09ADF709D7D}.Release|Any CPU.Build.0 = Release|Any CPU
		{93E528B9-2EA0-4080-BAFF-C263F205060F}.Debug|Any CPU.ActiveCfg = Debug|Any CPU
		{93E528B9-2EA0-4080-BAFF-C263F205060F}.Debug|Any CPU.Build.0 = Debug|Any CPU
		{93E528B9-2EA0-4080-BAFF-C263F205060F}.Release|Any CPU.ActiveCfg = Release|Any CPU
		{93E528B9-2EA0-4080-BAFF-C263F205060F}.Release|Any CPU.Build.0 = Release|Any CPU
		{55569F5E-C754-47CD-860D-DF4CBFD1455B}.Debug|Any CPU.ActiveCfg = Debug|Any CPU
		{55569F5E-C754-47CD-860D-DF4CBFD1455B}.Debug|Any CPU.Build.0 = Debug|Any CPU
		{55569F5E-C754-47CD-860D-DF4CBFD1455B}.Release|Any CPU.ActiveCfg = Release|Any CPU
		{55569F5E-C754-47CD-860D-DF4CBFD1455B}.Release|Any CPU.Build.0 = Release|Any CPU
		{B987E186-9682-4D81-A0F8-16DE3802099E}.Debug|Any CPU.ActiveCfg = Debug|Any CPU
		{B987E186-9682-4D81-A0F8-16DE3802099E}.Debug|Any CPU.Build.0 = Debug|Any CPU
		{B987E186-9682-4D81-A0F8-16DE3802099E}.Release|Any CPU.ActiveCfg = Release|Any CPU
		{B987E186-9682-4D81-A0F8-16DE3802099E}.Release|Any CPU.Build.0 = Release|Any CPU
		{1D787942-8883-46DE-8C9E-E26B60F216F4}.Debug|Any CPU.ActiveCfg = Debug|Any CPU
		{1D787942-8883-46DE-8C9E-E26B60F216F4}.Debug|Any CPU.Build.0 = Debug|Any CPU
		{1D787942-8883-46DE-8C9E-E26B60F216F4}.Release|Any CPU.ActiveCfg = Release|Any CPU
		{1D787942-8883-46DE-8C9E-E26B60F216F4}.Release|Any CPU.Build.0 = Release|Any CPU
		{708004C1-0F0D-417F-89D0-7C925BBDA47F}.Debug|Any CPU.ActiveCfg = Debug|Any CPU
		{708004C1-0F0D-417F-89D0-7C925BBDA47F}.Debug|Any CPU.Build.0 = Debug|Any CPU
		{708004C1-0F0D-417F-89D0-7C925BBDA47F}.Release|Any CPU.ActiveCfg = Release|Any CPU
		{708004C1-0F0D-417F-89D0-7C925BBDA47F}.Release|Any CPU.Build.0 = Release|Any CPU
		{20734FCE-E061-47B9-95EC-634BF62EB58E}.Debug|Any CPU.ActiveCfg = Debug|Any CPU
		{20734FCE-E061-47B9-95EC-634BF62EB58E}.Debug|Any CPU.Build.0 = Debug|Any CPU
		{20734FCE-E061-47B9-95EC-634BF62EB58E}.Release|Any CPU.ActiveCfg = Release|Any CPU
		{20734FCE-E061-47B9-95EC-634BF62EB58E}.Release|Any CPU.Build.0 = Release|Any CPU
		{1DC42EB1-9FA3-4520-87A8-22C31B2CB20C}.Debug|Any CPU.ActiveCfg = Debug|Any CPU
		{1DC42EB1-9FA3-4520-87A8-22C31B2CB20C}.Debug|Any CPU.Build.0 = Debug|Any CPU
		{1DC42EB1-9FA3-4520-87A8-22C31B2CB20C}.Release|Any CPU.ActiveCfg = Release|Any CPU
		{1DC42EB1-9FA3-4520-87A8-22C31B2CB20C}.Release|Any CPU.Build.0 = Release|Any CPU
		{C27B064D-7AA6-4188-B290-7C52DA05E250}.Debug|Any CPU.ActiveCfg = Debug|Any CPU
		{C27B064D-7AA6-4188-B290-7C52DA05E250}.Debug|Any CPU.Build.0 = Debug|Any CPU
		{C27B064D-7AA6-4188-B290-7C52DA05E250}.Release|Any CPU.ActiveCfg = Release|Any CPU
		{C27B064D-7AA6-4188-B290-7C52DA05E250}.Release|Any CPU.Build.0 = Release|Any CPU
		{6A4291D4-09FE-42C5-9EC3-FFC4FBCA10AB}.Debug|Any CPU.ActiveCfg = Debug|Any CPU
		{6A4291D4-09FE-42C5-9EC3-FFC4FBCA10AB}.Debug|Any CPU.Build.0 = Debug|Any CPU
		{6A4291D4-09FE-42C5-9EC3-FFC4FBCA10AB}.Release|Any CPU.ActiveCfg = Release|Any CPU
		{6A4291D4-09FE-42C5-9EC3-FFC4FBCA10AB}.Release|Any CPU.Build.0 = Release|Any CPU
		{7E7E3619-47B9-4D98-AC46-B4671ECB4036}.Debug|Any CPU.ActiveCfg = Debug|Any CPU
		{7E7E3619-47B9-4D98-AC46-B4671ECB4036}.Debug|Any CPU.Build.0 = Debug|Any CPU
		{7E7E3619-47B9-4D98-AC46-B4671ECB4036}.Release|Any CPU.ActiveCfg = Release|Any CPU
		{7E7E3619-47B9-4D98-AC46-B4671ECB4036}.Release|Any CPU.Build.0 = Release|Any CPU
		{B7794887-A6DF-45BF-8AA8-F3918D8CF054}.Debug|Any CPU.ActiveCfg = Debug|Any CPU
		{B7794887-A6DF-45BF-8AA8-F3918D8CF054}.Debug|Any CPU.Build.0 = Debug|Any CPU
		{B7794887-A6DF-45BF-8AA8-F3918D8CF054}.Release|Any CPU.ActiveCfg = Release|Any CPU
		{B7794887-A6DF-45BF-8AA8-F3918D8CF054}.Release|Any CPU.Build.0 = Release|Any CPU
		{B16AE76E-0ACA-43B1-B5A0-1F1D9CECC411}.Debug|Any CPU.ActiveCfg = Debug|Any CPU
		{B16AE76E-0ACA-43B1-B5A0-1F1D9CECC411}.Debug|Any CPU.Build.0 = Debug|Any CPU
		{B16AE76E-0ACA-43B1-B5A0-1F1D9CECC411}.Release|Any CPU.ActiveCfg = Release|Any CPU
		{B16AE76E-0ACA-43B1-B5A0-1F1D9CECC411}.Release|Any CPU.Build.0 = Release|Any CPU
		{469CA957-C6D5-414E-9307-786FF6686D03}.Debug|Any CPU.ActiveCfg = Debug|Any CPU
		{469CA957-C6D5-414E-9307-786FF6686D03}.Debug|Any CPU.Build.0 = Debug|Any CPU
		{469CA957-C6D5-414E-9307-786FF6686D03}.Release|Any CPU.ActiveCfg = Release|Any CPU
		{469CA957-C6D5-414E-9307-786FF6686D03}.Release|Any CPU.Build.0 = Release|Any CPU
		{393D059B-D821-4074-8871-212826D8B4D0}.Debug|Any CPU.ActiveCfg = Debug|Any CPU
		{393D059B-D821-4074-8871-212826D8B4D0}.Debug|Any CPU.Build.0 = Debug|Any CPU
		{393D059B-D821-4074-8871-212826D8B4D0}.Release|Any CPU.ActiveCfg = Release|Any CPU
		{393D059B-D821-4074-8871-212826D8B4D0}.Release|Any CPU.Build.0 = Release|Any CPU
		{220CAEE1-1250-442D-B9F9-1936EA69CB6D}.Debug|Any CPU.ActiveCfg = Debug|Any CPU
		{220CAEE1-1250-442D-B9F9-1936EA69CB6D}.Debug|Any CPU.Build.0 = Debug|Any CPU
		{220CAEE1-1250-442D-B9F9-1936EA69CB6D}.Release|Any CPU.ActiveCfg = Release|Any CPU
		{220CAEE1-1250-442D-B9F9-1936EA69CB6D}.Release|Any CPU.Build.0 = Release|Any CPU
	EndGlobalSection
	GlobalSection(SolutionProperties) = preSolution
		HideSolutionNode = FALSE
	EndGlobalSection
	GlobalSection(ExtensibilityGlobals) = postSolution
		SolutionGuid = {E92AD08B-56F1-497D-9807-99526A48E8F1}
	EndGlobalSection
EndGlobal
