
Microsoft Visual Studio Solution File, Format Version 12.00
# Visual Studio Version 17
VisualStudioVersion = 17.9.34902.65
MinimumVisualStudioVersion = 10.0.40219.1
Project("{2150E333-8FDC-42A3-9474-1A3956D46DE8}") = "Part1", "Part1", "{22A7DA4E-BF67-43F1-A970-87874606282A}"
EndProject
Project("{2150E333-8FDC-42A3-9474-1A3956D46DE8}") = "Part 2", "Part 2", "{70FFD4C8-D7E1-416B-A959-EE6BBCEE0C2A}"
EndProject
Project("{FAE04EC0-301F-11D3-BF4B-00C04F79EFBC}") = "Education.Ads", "Part 2\Education.Ads\Education.Ads.csproj", "{393D059B-D821-4074-8871-212826D8B4D0}"
EndProject
Project("{FAE04EC0-301F-11D3-BF4B-00C04F79EFBC}") = "Education.Ads2", "Part 2\Education.Ads2\Education.Ads2.csproj", "{5DFCBB15-8F97-4D4F-B7BB-F26A434F26BA}"
EndProject
Project("{9A19103F-16F7-4668-BE54-9A1E7A4F7556}") = "Education.Ads.Tests", "Part 2\Education.Ads.Tests\Education.Ads.Tests.csproj", "{A141EA90-CA05-468A-AF6F-3A0F517F6164}"
EndProject
Project("{FAE04EC0-301F-11D3-BF4B-00C04F79EFBC}") = "Ads.Exercises", "Part 1\Ads.Exercises\Ads.Exercises.csproj", "{3C8ACCA8-680E-4AF8-A504-4B74D41E5633}"
EndProject
Project("{FAE04EC0-301F-11D3-BF4B-00C04F79EFBC}") = "Ads.Exercise2", "Part 1\Ads.Exercise2\Ads.Exercise2.csproj", "{91EA8422-03D8-4F6B-BDC3-F903A38589D3}"
EndProject
Project("{FAE04EC0-301F-11D3-BF4B-00C04F79EFBC}") = "Ads.Exercise3", "Part 1\Ads.Exercise3\Ads.Exercise3.csproj", "{0E96191E-2500-4917-BE12-001C1C38196F}"
EndProject
Project("{FAE04EC0-301F-11D3-BF4B-00C04F79EFBC}") = "Ads.Exercise4", "Part 1\Ads.Exercise4\Ads.Exercise4.csproj", "{C29DACA8-3713-4F75-A7C2-7E4BDDB68EAA}"
EndProject
Project("{FAE04EC0-301F-11D3-BF4B-00C04F79EFBC}") = "Ads.Exercise5", "Part 1\Ads.Exercise5\Ads.Exercise5.csproj", "{F067038B-EB5C-49E7-9920-C60B924886D0}"
EndProject
Project("{FAE04EC0-301F-11D3-BF4B-00C04F79EFBC}") = "Ads.Exercise6", "Part 1\Ads.Exercise6\Ads.Exercise6.csproj", "{A577571B-CC61-4A6E-911B-FFE32400BD4C}"
EndProject
Project("{FAE04EC0-301F-11D3-BF4B-00C04F79EFBC}") = "Ads.Exercise7", "Part 1\Ads.Exercise7\Ads.Exercise7.csproj", "{4EA58A15-2F99-4F3E-81D4-639EC2F4D978}"
EndProject
Project("{FAE04EC0-301F-11D3-BF4B-00C04F79EFBC}") = "Ads.Exercise8", "Part 1\Ads.Exercise8\Ads.Exercise8.csproj", "{34D6A7BB-4E43-4406-9552-ECCAD404B27C}"
EndProject
Project("{FAE04EC0-301F-11D3-BF4B-00C04F79EFBC}") = "Ads.Exercise9", "Part 1\Ads.Exercise9\Ads.Exercise9.csproj", "{E4E34C91-620A-49B5-B096-886CD75C4F5C}"
EndProject
Project("{FAE04EC0-301F-11D3-BF4B-00C04F79EFBC}") = "Ads.Exercise10", "Part 1\Ads.Exercise10\Ads.Exercise10.csproj", "{698A4A1D-C9BF-4855-8738-4BEF0BA802B2}"
EndProject
Project("{FAE04EC0-301F-11D3-BF4B-00C04F79EFBC}") = "Ads.Exercise11", "Part 1\Ads.Exercise11\Ads.Exercise11.csproj", "{1E8CE5B4-3E73-4CC8-BA6A-66682C680450}"
EndProject
Project("{FAE04EC0-301F-11D3-BF4B-00C04F79EFBC}") = "Ads.Exercise12", "Part 1\Ads.Exercise12\Ads.Exercise12.csproj", "{68C4C15E-5185-465A-A821-A397CF4AFFC9}"
EndProject
Project("{9A19103F-16F7-4668-BE54-9A1E7A4F7556}") = "Ads.Tests", "Part 1\Ads.Tests\Ads.Tests.csproj", "{F7A35C6B-04BE-45EA-9C01-C7148A343E3A}"
EndProject
Global
	GlobalSection(SolutionConfigurationPlatforms) = preSolution
		Debug|Any CPU = Debug|Any CPU
		Release|Any CPU = Release|Any CPU
	EndGlobalSection
	GlobalSection(ProjectConfigurationPlatforms) = postSolution
		{393D059B-D821-4074-8871-212826D8B4D0}.Debug|Any CPU.ActiveCfg = Debug|Any CPU
		{393D059B-D821-4074-8871-212826D8B4D0}.Debug|Any CPU.Build.0 = Debug|Any CPU
		{393D059B-D821-4074-8871-212826D8B4D0}.Release|Any CPU.ActiveCfg = Release|Any CPU
		{393D059B-D821-4074-8871-212826D8B4D0}.Release|Any CPU.Build.0 = Release|Any CPU
		{5DFCBB15-8F97-4D4F-B7BB-F26A434F26BA}.Debug|Any CPU.ActiveCfg = Debug|Any CPU
		{5DFCBB15-8F97-4D4F-B7BB-F26A434F26BA}.Debug|Any CPU.Build.0 = Debug|Any CPU
		{5DFCBB15-8F97-4D4F-B7BB-F26A434F26BA}.Release|Any CPU.ActiveCfg = Release|Any CPU
		{5DFCBB15-8F97-4D4F-B7BB-F26A434F26BA}.Release|Any CPU.Build.0 = Release|Any CPU
		{A141EA90-CA05-468A-AF6F-3A0F517F6164}.Debug|Any CPU.ActiveCfg = Debug|Any CPU
		{A141EA90-CA05-468A-AF6F-3A0F517F6164}.Debug|Any CPU.Build.0 = Debug|Any CPU
		{A141EA90-CA05-468A-AF6F-3A0F517F6164}.Release|Any CPU.ActiveCfg = Release|Any CPU
		{A141EA90-CA05-468A-AF6F-3A0F517F6164}.Release|Any CPU.Build.0 = Release|Any CPU
		{3C8ACCA8-680E-4AF8-A504-4B74D41E5633}.Debug|Any CPU.ActiveCfg = Debug|Any CPU
		{3C8ACCA8-680E-4AF8-A504-4B74D41E5633}.Debug|Any CPU.Build.0 = Debug|Any CPU
		{3C8ACCA8-680E-4AF8-A504-4B74D41E5633}.Release|Any CPU.ActiveCfg = Release|Any CPU
		{3C8ACCA8-680E-4AF8-A504-4B74D41E5633}.Release|Any CPU.Build.0 = Release|Any CPU
		{91EA8422-03D8-4F6B-BDC3-F903A38589D3}.Debug|Any CPU.ActiveCfg = Debug|Any CPU
		{91EA8422-03D8-4F6B-BDC3-F903A38589D3}.Debug|Any CPU.Build.0 = Debug|Any CPU
		{91EA8422-03D8-4F6B-BDC3-F903A38589D3}.Release|Any CPU.ActiveCfg = Release|Any CPU
		{91EA8422-03D8-4F6B-BDC3-F903A38589D3}.Release|Any CPU.Build.0 = Release|Any CPU
		{0E96191E-2500-4917-BE12-001C1C38196F}.Debug|Any CPU.ActiveCfg = Debug|Any CPU
		{0E96191E-2500-4917-BE12-001C1C38196F}.Debug|Any CPU.Build.0 = Debug|Any CPU
		{0E96191E-2500-4917-BE12-001C1C38196F}.Release|Any CPU.ActiveCfg = Release|Any CPU
		{0E96191E-2500-4917-BE12-001C1C38196F}.Release|Any CPU.Build.0 = Release|Any CPU
		{C29DACA8-3713-4F75-A7C2-7E4BDDB68EAA}.Debug|Any CPU.ActiveCfg = Debug|Any CPU
		{C29DACA8-3713-4F75-A7C2-7E4BDDB68EAA}.Debug|Any CPU.Build.0 = Debug|Any CPU
		{C29DACA8-3713-4F75-A7C2-7E4BDDB68EAA}.Release|Any CPU.ActiveCfg = Release|Any CPU
		{C29DACA8-3713-4F75-A7C2-7E4BDDB68EAA}.Release|Any CPU.Build.0 = Release|Any CPU
		{F067038B-EB5C-49E7-9920-C60B924886D0}.Debug|Any CPU.ActiveCfg = Debug|Any CPU
		{F067038B-EB5C-49E7-9920-C60B924886D0}.Debug|Any CPU.Build.0 = Debug|Any CPU
		{F067038B-EB5C-49E7-9920-C60B924886D0}.Release|Any CPU.ActiveCfg = Release|Any CPU
		{F067038B-EB5C-49E7-9920-C60B924886D0}.Release|Any CPU.Build.0 = Release|Any CPU
		{A577571B-CC61-4A6E-911B-FFE32400BD4C}.Debug|Any CPU.ActiveCfg = Debug|Any CPU
		{A577571B-CC61-4A6E-911B-FFE32400BD4C}.Debug|Any CPU.Build.0 = Debug|Any CPU
		{A577571B-CC61-4A6E-911B-FFE32400BD4C}.Release|Any CPU.ActiveCfg = Release|Any CPU
		{A577571B-CC61-4A6E-911B-FFE32400BD4C}.Release|Any CPU.Build.0 = Release|Any CPU
		{4EA58A15-2F99-4F3E-81D4-639EC2F4D978}.Debug|Any CPU.ActiveCfg = Debug|Any CPU
		{4EA58A15-2F99-4F3E-81D4-639EC2F4D978}.Debug|Any CPU.Build.0 = Debug|Any CPU
		{4EA58A15-2F99-4F3E-81D4-639EC2F4D978}.Release|Any CPU.ActiveCfg = Release|Any CPU
		{4EA58A15-2F99-4F3E-81D4-639EC2F4D978}.Release|Any CPU.Build.0 = Release|Any CPU
		{34D6A7BB-4E43-4406-9552-ECCAD404B27C}.Debug|Any CPU.ActiveCfg = Debug|Any CPU
		{34D6A7BB-4E43-4406-9552-ECCAD404B27C}.Debug|Any CPU.Build.0 = Debug|Any CPU
		{34D6A7BB-4E43-4406-9552-ECCAD404B27C}.Release|Any CPU.ActiveCfg = Release|Any CPU
		{34D6A7BB-4E43-4406-9552-ECCAD404B27C}.Release|Any CPU.Build.0 = Release|Any CPU
		{E4E34C91-620A-49B5-B096-886CD75C4F5C}.Debug|Any CPU.ActiveCfg = Debug|Any CPU
		{E4E34C91-620A-49B5-B096-886CD75C4F5C}.Debug|Any CPU.Build.0 = Debug|Any CPU
		{E4E34C91-620A-49B5-B096-886CD75C4F5C}.Release|Any CPU.ActiveCfg = Release|Any CPU
		{E4E34C91-620A-49B5-B096-886CD75C4F5C}.Release|Any CPU.Build.0 = Release|Any CPU
		{698A4A1D-C9BF-4855-8738-4BEF0BA802B2}.Debug|Any CPU.ActiveCfg = Debug|Any CPU
		{698A4A1D-C9BF-4855-8738-4BEF0BA802B2}.Debug|Any CPU.Build.0 = Debug|Any CPU
		{698A4A1D-C9BF-4855-8738-4BEF0BA802B2}.Release|Any CPU.ActiveCfg = Release|Any CPU
		{698A4A1D-C9BF-4855-8738-4BEF0BA802B2}.Release|Any CPU.Build.0 = Release|Any CPU
		{1E8CE5B4-3E73-4CC8-BA6A-66682C680450}.Debug|Any CPU.ActiveCfg = Debug|Any CPU
		{1E8CE5B4-3E73-4CC8-BA6A-66682C680450}.Debug|Any CPU.Build.0 = Debug|Any CPU
		{1E8CE5B4-3E73-4CC8-BA6A-66682C680450}.Release|Any CPU.ActiveCfg = Release|Any CPU
		{1E8CE5B4-3E73-4CC8-BA6A-66682C680450}.Release|Any CPU.Build.0 = Release|Any CPU
		{68C4C15E-5185-465A-A821-A397CF4AFFC9}.Debug|Any CPU.ActiveCfg = Debug|Any CPU
		{68C4C15E-5185-465A-A821-A397CF4AFFC9}.Debug|Any CPU.Build.0 = Debug|Any CPU
		{68C4C15E-5185-465A-A821-A397CF4AFFC9}.Release|Any CPU.ActiveCfg = Release|Any CPU
		{68C4C15E-5185-465A-A821-A397CF4AFFC9}.Release|Any CPU.Build.0 = Release|Any CPU
		{F7A35C6B-04BE-45EA-9C01-C7148A343E3A}.Debug|Any CPU.ActiveCfg = Debug|Any CPU
		{F7A35C6B-04BE-45EA-9C01-C7148A343E3A}.Debug|Any CPU.Build.0 = Debug|Any CPU
		{F7A35C6B-04BE-45EA-9C01-C7148A343E3A}.Release|Any CPU.ActiveCfg = Release|Any CPU
		{F7A35C6B-04BE-45EA-9C01-C7148A343E3A}.Release|Any CPU.Build.0 = Release|Any CPU
	EndGlobalSection
	GlobalSection(SolutionProperties) = preSolution
		HideSolutionNode = FALSE
	EndGlobalSection
	GlobalSection(NestedProjects) = preSolution
		{393D059B-D821-4074-8871-212826D8B4D0} = {70FFD4C8-D7E1-416B-A959-EE6BBCEE0C2A}
		{5DFCBB15-8F97-4D4F-B7BB-F26A434F26BA} = {70FFD4C8-D7E1-416B-A959-EE6BBCEE0C2A}
		{A141EA90-CA05-468A-AF6F-3A0F517F6164} = {70FFD4C8-D7E1-416B-A959-EE6BBCEE0C2A}
		{3C8ACCA8-680E-4AF8-A504-4B74D41E5633} = {22A7DA4E-BF67-43F1-A970-87874606282A}
		{91EA8422-03D8-4F6B-BDC3-F903A38589D3} = {22A7DA4E-BF67-43F1-A970-87874606282A}
		{0E96191E-2500-4917-BE12-001C1C38196F} = {22A7DA4E-BF67-43F1-A970-87874606282A}
		{C29DACA8-3713-4F75-A7C2-7E4BDDB68EAA} = {22A7DA4E-BF67-43F1-A970-87874606282A}
		{F067038B-EB5C-49E7-9920-C60B924886D0} = {22A7DA4E-BF67-43F1-A970-87874606282A}
		{A577571B-CC61-4A6E-911B-FFE32400BD4C} = {22A7DA4E-BF67-43F1-A970-87874606282A}
		{4EA58A15-2F99-4F3E-81D4-639EC2F4D978} = {22A7DA4E-BF67-43F1-A970-87874606282A}
		{34D6A7BB-4E43-4406-9552-ECCAD404B27C} = {22A7DA4E-BF67-43F1-A970-87874606282A}
		{E4E34C91-620A-49B5-B096-886CD75C4F5C} = {22A7DA4E-BF67-43F1-A970-87874606282A}
		{698A4A1D-C9BF-4855-8738-4BEF0BA802B2} = {22A7DA4E-BF67-43F1-A970-87874606282A}
		{1E8CE5B4-3E73-4CC8-BA6A-66682C680450} = {22A7DA4E-BF67-43F1-A970-87874606282A}
		{68C4C15E-5185-465A-A821-A397CF4AFFC9} = {22A7DA4E-BF67-43F1-A970-87874606282A}
		{F7A35C6B-04BE-45EA-9C01-C7148A343E3A} = {22A7DA4E-BF67-43F1-A970-87874606282A}
	EndGlobalSection
	GlobalSection(ExtensibilityGlobals) = postSolution
		SolutionGuid = {E92AD08B-56F1-497D-9807-99526A48E8F1}
	EndGlobalSection
EndGlobal
